
Microsoft Visual Studio Solution File, Format Version 12.00
# Visual Studio 2013
VisualStudioVersion = 12.0.31101.0
MinimumVisualStudioVersion = 10.0.40219.1
Project("{FAE04EC0-301F-11D3-BF4B-00C04F79EFBC}") = "LabTechnicalTest", "LabTechnicalTest\LabTechnicalTest.csproj", "{76684663-1F75-4C08-803B-9D4ACBCCC577}"
EndProject
Project("{FAE04EC0-301F-11D3-BF4B-00C04F79EFBC}") = "LabTechnicalTest.API", "LabTechnicalTest.API\LabTechnicalTest.API.csproj", "{71F409CB-7EE5-4D07-8D2F-38B17A1DB737}"
EndProject
Project("{2150E333-8FDC-42A3-9474-1A3956D46DE8}") = ".nuget", ".nuget", "{B2121B85-557B-4855-9E54-C2CBC93BAE2B}"
	ProjectSection(SolutionItems) = preProject
		.nuget\NuGet.Config = .nuget\NuGet.Config
		.nuget\NuGet.exe = .nuget\NuGet.exe
		.nuget\NuGet.targets = .nuget\NuGet.targets
	EndProjectSection
EndProject
Project("{FAE04EC0-301F-11D3-BF4B-00C04F79EFBC}") = "LabTechnicalTest.API.Test", "LabTechnicalTest.API.Test\LabTechnicalTest.API.Test.csproj", "{978D03BC-70F6-4F04-9AEA-5A3D52D127AD}"
EndProject
Global
	GlobalSection(SolutionConfigurationPlatforms) = preSolution
		Debug|Any CPU = Debug|Any CPU
		Release|Any CPU = Release|Any CPU
	EndGlobalSection
	GlobalSection(ProjectConfigurationPlatforms) = postSolution
		{76684663-1F75-4C08-803B-9D4ACBCCC577}.Debug|Any CPU.ActiveCfg = Debug|Any CPU
		{76684663-1F75-4C08-803B-9D4ACBCCC577}.Debug|Any CPU.Build.0 = Debug|Any CPU
		{76684663-1F75-4C08-803B-9D4ACBCCC577}.Release|Any CPU.ActiveCfg = Release|Any CPU
		{76684663-1F75-4C08-803B-9D4ACBCCC577}.Release|Any CPU.Build.0 = Release|Any CPU
		{71F409CB-7EE5-4D07-8D2F-38B17A1DB737}.Debug|Any CPU.ActiveCfg = Debug|Any CPU
		{71F409CB-7EE5-4D07-8D2F-38B17A1DB737}.Debug|Any CPU.Build.0 = Debug|Any CPU
		{71F409CB-7EE5-4D07-8D2F-38B17A1DB737}.Release|Any CPU.ActiveCfg = Release|Any CPU
		{71F409CB-7EE5-4D07-8D2F-38B17A1DB737}.Release|Any CPU.Build.0 = Release|Any CPU
		{978D03BC-70F6-4F04-9AEA-5A3D52D127AD}.Debug|Any CPU.ActiveCfg = Debug|Any CPU
		{978D03BC-70F6-4F04-9AEA-5A3D52D127AD}.Debug|Any CPU.Build.0 = Debug|Any CPU
		{978D03BC-70F6-4F04-9AEA-5A3D52D127AD}.Release|Any CPU.ActiveCfg = Release|Any CPU
		{978D03BC-70F6-4F04-9AEA-5A3D52D127AD}.Release|Any CPU.Build.0 = Release|Any CPU
	EndGlobalSection
	GlobalSection(SolutionProperties) = preSolution
		HideSolutionNode = FALSE
	EndGlobalSection
EndGlobal
